// !$*UTF8*$!
{
	archiveVersion = 1;
	classes = {
	};
	objectVersion = 50;
	objects = {

/* Begin PBXBuildFile section */
		9646417524E3C5DF005D215C /* AppDelegate.swift in Sources */ = {isa = PBXBuildFile; fileRef = 9646417424E3C5DF005D215C /* AppDelegate.swift */; };
		9646417724E3C5DF005D215C /* SceneDelegate.swift in Sources */ = {isa = PBXBuildFile; fileRef = 9646417624E3C5DF005D215C /* SceneDelegate.swift */; };
		9646417A24E3C5DF005D215C /* coreDataTodoApp.xcdatamodeld in Sources */ = {isa = PBXBuildFile; fileRef = 9646417824E3C5DF005D215C /* coreDataTodoApp.xcdatamodeld */; };
		9646417C24E3C5DF005D215C /* ContentView.swift in Sources */ = {isa = PBXBuildFile; fileRef = 9646417B24E3C5DF005D215C /* ContentView.swift */; };
		9646417E24E3C5E1005D215C /* Assets.xcassets in Resources */ = {isa = PBXBuildFile; fileRef = 9646417D24E3C5E1005D215C /* Assets.xcassets */; };
		9646418124E3C5E1005D215C /* Preview Assets.xcassets in Resources */ = {isa = PBXBuildFile; fileRef = 9646418024E3C5E1005D215C /* Preview Assets.xcassets */; };
		9646418424E3C5E1005D215C /* LaunchScreen.storyboard in Resources */ = {isa = PBXBuildFile; fileRef = 9646418224E3C5E1005D215C /* LaunchScreen.storyboard */; };
		9646418C24E3C7B8005D215C /* ToDoItem.swift in Sources */ = {isa = PBXBuildFile; fileRef = 9646418B24E3C7B8005D215C /* ToDoItem.swift */; };
/* End PBXBuildFile section */

/* Begin PBXFileReference section */
		9646417124E3C5DF005D215C /* coreDataTodoApp.app */ = {isa = PBXFileReference; explicitFileType = wrapper.application; includeInIndex = 0; path = coreDataTodoApp.app; sourceTree = BUILT_PRODUCTS_DIR; };
		9646417424E3C5DF005D215C /* AppDelegate.swift */ = {isa = PBXFileReference; lastKnownFileType = sourcecode.swift; path = AppDelegate.swift; sourceTree = "<group>"; };
		9646417624E3C5DF005D215C /* SceneDelegate.swift */ = {isa = PBXFileReference; lastKnownFileType = sourcecode.swift; path = SceneDelegate.swift; sourceTree = "<group>"; };
		9646417924E3C5DF005D215C /* coreDataTodoApp.xcdatamodel */ = {isa = PBXFileReference; lastKnownFileType = wrapper.xcdatamodel; path = coreDataTodoApp.xcdatamodel; sourceTree = "<group>"; };
		9646417B24E3C5DF005D215C /* ContentView.swift */ = {isa = PBXFileReference; lastKnownFileType = sourcecode.swift; path = ContentView.swift; sourceTree = "<group>"; };
		9646417D24E3C5E1005D215C /* Assets.xcassets */ = {isa = PBXFileReference; lastKnownFileType = folder.assetcatalog; path = Assets.xcassets; sourceTree = "<group>"; };
		9646418024E3C5E1005D215C /* Preview Assets.xcassets */ = {isa = PBXFileReference; lastKnownFileType = folder.assetcatalog; path = "Preview Assets.xcassets"; sourceTree = "<group>"; };
		9646418324E3C5E1005D215C /* Base */ = {isa = PBXFileReference; lastKnownFileType = file.storyboard; name = Base; path = Base.lproj/LaunchScreen.storyboard; sourceTree = "<group>"; };
		9646418524E3C5E1005D215C /* Info.plist */ = {isa = PBXFileReference; lastKnownFileType = text.plist.xml; path = Info.plist; sourceTree = "<group>"; };
		9646418B24E3C7B8005D215C /* ToDoItem.swift */ = {isa = PBXFileReference; lastKnownFileType = sourcecode.swift; path = ToDoItem.swift; sourceTree = "<group>"; };
/* End PBXFileReference section */

/* Begin PBXFrameworksBuildPhase section */
		9646416E24E3C5DF005D215C /* Frameworks */ = {
			isa = PBXFrameworksBuildPhase;
			buildActionMask = 2147483647;
			files = (
			);
			runOnlyForDeploymentPostprocessing = 0;
		};
/* End PBXFrameworksBuildPhase section */

/* Begin PBXGroup section */
		9646416824E3C5DF005D215C = {
			isa = PBXGroup;
			children = (
				9646417324E3C5DF005D215C /* coreDataTodoApp */,
				9646417224E3C5DF005D215C /* Products */,
			);
			sourceTree = "<group>";
		};
		9646417224E3C5DF005D215C /* Products */ = {
			isa = PBXGroup;
			children = (
				9646417124E3C5DF005D215C /* coreDataTodoApp.app */,
			);
			name = Products;
			sourceTree = "<group>";
		};
		9646417324E3C5DF005D215C /* coreDataTodoApp */ = {
			isa = PBXGroup;
			children = (
				9646417424E3C5DF005D215C /* AppDelegate.swift */,
				9646417624E3C5DF005D215C /* SceneDelegate.swift */,
				9646417B24E3C5DF005D215C /* ContentView.swift */,
				9646418B24E3C7B8005D215C /* ToDoItem.swift */,
				9646417D24E3C5E1005D215C /* Assets.xcassets */,
				9646418224E3C5E1005D215C /* LaunchScreen.storyboard */,
				9646418524E3C5E1005D215C /* Info.plist */,
				9646417824E3C5DF005D215C /* coreDataTodoApp.xcdatamodeld */,
				9646417F24E3C5E1005D215C /* Preview Content */,
			);
			path = coreDataTodoApp;
			sourceTree = "<group>";
		};
		9646417F24E3C5E1005D215C /* Preview Content */ = {
			isa = PBXGroup;
			children = (
				9646418024E3C5E1005D215C /* Preview Assets.xcassets */,
			);
			path = "Preview Content";
			sourceTree = "<group>";
		};
/* End PBXGroup section */

/* Begin PBXNativeTarget section */
		9646417024E3C5DF005D215C /* coreDataTodoApp */ = {
			isa = PBXNativeTarget;
			buildConfigurationList = 9646418824E3C5E1005D215C /* Build configuration list for PBXNativeTarget "coreDataTodoApp" */;
			buildPhases = (
				9646416D24E3C5DF005D215C /* Sources */,
				9646416E24E3C5DF005D215C /* Frameworks */,
				9646416F24E3C5DF005D215C /* Resources */,
			);
			buildRules = (
			);
			dependencies = (
			);
			name = coreDataTodoApp;
			productName = coreDataTodoApp;
			productReference = 9646417124E3C5DF005D215C /* coreDataTodoApp.app */;
			productType = "com.apple.product-type.application";
		};
/* End PBXNativeTarget section */

/* Begin PBXProject section */
		9646416924E3C5DF005D215C /* Project object */ = {
			isa = PBXProject;
			attributes = {
				LastSwiftUpdateCheck = 1140;
				LastUpgradeCheck = 1140;
				ORGANIZATIONNAME = "Sanviraj Zahin Haque";
				TargetAttributes = {
					9646417024E3C5DF005D215C = {
						CreatedOnToolsVersion = 11.4.1;
					};
				};
			};
			buildConfigurationList = 9646416C24E3C5DF005D215C /* Build configuration list for PBXProject "coreDataTodoApp" */;
			compatibilityVersion = "Xcode 9.3";
			developmentRegion = en;
			hasScannedForEncodings = 0;
			knownRegions = (
				en,
				Base,
			);
			mainGroup = 9646416824E3C5DF005D215C;
			productRefGroup = 9646417224E3C5DF005D215C /* Products */;
			projectDirPath = "";
			projectRoot = "";
			targets = (
				9646417024E3C5DF005D215C /* coreDataTodoApp */,
			);
		};
/* End PBXProject section */

/* Begin PBXResourcesBuildPhase section */
		9646416F24E3C5DF005D215C /* Resources */ = {
			isa = PBXResourcesBuildPhase;
			buildActionMask = 2147483647;
			files = (
				9646418424E3C5E1005D215C /* LaunchScreen.storyboard in Resources */,
				9646418124E3C5E1005D215C /* Preview Assets.xcassets in Resources */,
				9646417E24E3C5E1005D215C /* Assets.xcassets in Resources */,
			);
			runOnlyForDeploymentPostprocessing = 0;
		};
/* End PBXResourcesBuildPhase section */

/* Begin PBXSourcesBuildPhase section */
		9646416D24E3C5DF005D215C /* Sources */ = {
			isa = PBXSourcesBuildPhase;
			buildActionMask = 2147483647;
			files = (
				9646417A24E3C5DF005D215C /* coreDataTodoApp.xcdatamodeld in Sources */,
				9646417524E3C5DF005D215C /* AppDelegate.swift in Sources */,
				9646418C24E3C7B8005D215C /* ToDoItem.swift in Sources */,
				9646417C24E3C5DF005D215C /* ContentView.swift in Sources */,
				9646417724E3C5DF005D215C /* SceneDelegate.swift in Sources */,
			);
			runOnlyForDeploymentPostprocessing = 0;
		};
/* End PBXSourcesBuildPhase section */

/* Begin PBXVariantGroup section */
		9646418224E3C5E1005D215C /* LaunchScreen.storyboard */ = {
			isa = PBXVariantGroup;
			children = (
				9646418324E3C5E1005D215C /* Base */,
			);
			name = LaunchScreen.storyboard;
			sourceTree = "<group>";
		};
/* End PBXVariantGroup section */

/* Begin XCBuildConfiguration section */
		9646418624E3C5E1005D215C /* Debug */ = {
			isa = XCBuildConfiguration;
			buildSettings = {
				ALWAYS_SEARCH_USER_PATHS = NO;
				CLANG_ANALYZER_NONNULL = YES;
				CLANG_ANALYZER_NUMBER_OBJECT_CONVERSION = YES_AGGRESSIVE;
				CLANG_CXX_LANGUAGE_STANDARD = "gnu++14";
				CLANG_CXX_LIBRARY = "libc++";
				CLANG_ENABLE_MODULES = YES;
				CLANG_ENABLE_OBJC_ARC = YES;
				CLANG_ENABLE_OBJC_WEAK = YES;
				CLANG_WARN_BLOCK_CAPTURE_AUTORELEASING = YES;
				CLANG_WARN_BOOL_CONVERSION = YES;
				CLANG_WARN_COMMA = YES;
				CLANG_WARN_CONSTANT_CONVERSION = YES;
				CLANG_WARN_DEPRECATED_OBJC_IMPLEMENTATIONS = YES;
				CLANG_WARN_DIRECT_OBJC_ISA_USAGE = YES_ERROR;
				CLANG_WARN_DOCUMENTATION_COMMENTS = YES;
				CLANG_WARN_EMPTY_BODY = YES;
				CLANG_WARN_ENUM_CONVERSION = YES;
				CLANG_WARN_INFINITE_RECURSION = YES;
				CLANG_WARN_INT_CONVERSION = YES;
				CLANG_WARN_NON_LITERAL_NULL_CONVERSION = YES;
				CLANG_WARN_OBJC_IMPLICIT_RETAIN_SELF = YES;
				CLANG_WARN_OBJC_LITERAL_CONVERSION = YES;
				CLANG_WARN_OBJC_ROOT_CLASS = YES_ERROR;
				CLANG_WARN_RANGE_LOOP_ANALYSIS = YES;
				CLANG_WARN_STRICT_PROTOTYPES = YES;
				CLANG_WARN_SUSPICIOUS_MOVE = YES;
				CLANG_WARN_UNGUARDED_AVAILABILITY = YES_AGGRESSIVE;
				CLANG_WARN_UNREACHABLE_CODE = YES;
				CLANG_WARN__DUPLICATE_METHOD_MATCH = YES;
				COPY_PHASE_STRIP = NO;
				DEBUG_INFORMATION_FORMAT = dwarf;
				ENABLE_STRICT_OBJC_MSGSEND = YES;
				ENABLE_TESTABILITY = YES;
				GCC_C_LANGUAGE_STANDARD = gnu11;
				GCC_DYNAMIC_NO_PIC = NO;
				GCC_NO_COMMON_BLOCKS = YES;
				GCC_OPTIMIZATION_LEVEL = 0;
				GCC_PREPROCESSOR_DEFINITIONS = (
					"DEBUG=1",
					"$(inherited)",
				);
				GCC_WARN_64_TO_32_BIT_CONVERSION = YES;
				GCC_WARN_ABOUT_RETURN_TYPE = YES_ERROR;
				GCC_WARN_UNDECLARED_SELECTOR = YES;
				GCC_WARN_UNINITIALIZED_AUTOS = YES_AGGRESSIVE;
				GCC_WARN_UNUSED_FUNCTION = YES;
				GCC_WARN_UNUSED_VARIABLE = YES;
				IPHONEOS_DEPLOYMENT_TARGET = 13.4;
				MTL_ENABLE_DEBUG_INFO = INCLUDE_SOURCE;
				MTL_FAST_MATH = YES;
				ONLY_ACTIVE_ARCH = YES;
				SDKROOT = iphoneos;
				SWIFT_ACTIVE_COMPILATION_CONDITIONS = DEBUG;
				SWIFT_OPTIMIZATION_LEVEL = "-Onone";
			};
			name = Debug;
		};
		9646418724E3C5E1005D215C /* Release */ = {
			isa = XCBuildConfiguration;
			buildSettings = {
				ALWAYS_SEARCH_USER_PATHS = NO;
				CLANG_ANALYZER_NONNULL = YES;
				CLANG_ANALYZER_NUMBER_OBJECT_CONVERSION = YES_AGGRESSIVE;
				CLANG_CXX_LANGUAGE_STANDARD = "gnu++14";
				CLANG_CXX_LIBRARY = "libc++";
				CLANG_ENABLE_MODULES = YES;
				CLANG_ENABLE_OBJC_ARC = YES;
				CLANG_ENABLE_OBJC_WEAK = YES;
				CLANG_WARN_BLOCK_CAPTURE_AUTORELEASING = YES;
				CLANG_WARN_BOOL_CONVERSION = YES;
				CLANG_WARN_COMMA = YES;
				CLANG_WARN_CONSTANT_CONVERSION = YES;
				CLANG_WARN_DEPRECATED_OBJC_IMPLEMENTATIONS = YES;
				CLANG_WARN_DIRECT_OBJC_ISA_USAGE = YES_ERROR;
				CLANG_WARN_DOCUMENTATION_COMMENTS = YES;
				CLANG_WARN_EMPTY_BODY = YES;
				CLANG_WARN_ENUM_CONVERSION = YES;
				CLANG_WARN_INFINITE_RECURSION = YES;
				CLANG_WARN_INT_CONVERSION = YES;
				CLANG_WARN_NON_LITERAL_NULL_CONVERSION = YES;
				CLANG_WARN_OBJC_IMPLICIT_RETAIN_SELF = YES;
				CLANG_WARN_OBJC_LITERAL_CONVERSION = YES;
				CLANG_WARN_OBJC_ROOT_CLASS = YES_ERROR;
				CLANG_WARN_RANGE_LOOP_ANALYSIS = YES;
				CLANG_WARN_STRICT_PROTOTYPES = YES;
				CLANG_WARN_SUSPICIOUS_MOVE = YES;
				CLANG_WARN_UNGUARDED_AVAILABILITY = YES_AGGRESSIVE;
				CLANG_WARN_UNREACHABLE_CODE = YES;
				CLANG_WARN__DUPLICATE_METHOD_MATCH = YES;
				COPY_PHASE_STRIP = NO;
				DEBUG_INFORMATION_FORMAT = "dwarf-with-dsym";
				ENABLE_NS_ASSERTIONS = NO;
				ENABLE_STRICT_OBJC_MSGSEND = YES;
				GCC_C_LANGUAGE_STANDARD = gnu11;
				GCC_NO_COMMON_BLOCKS = YES;
				GCC_WARN_64_TO_32_BIT_CONVERSION = YES;
				GCC_WARN_ABOUT_RETURN_TYPE = YES_ERROR;
				GCC_WARN_UNDECLARED_SELECTOR = YES;
				GCC_WARN_UNINITIALIZED_AUTOS = YES_AGGRESSIVE;
				GCC_WARN_UNUSED_FUNCTION = YES;
				GCC_WARN_UNUSED_VARIABLE = YES;
				IPHONEOS_DEPLOYMENT_TARGET = 13.4;
				MTL_ENABLE_DEBUG_INFO = NO;
				MTL_FAST_MATH = YES;
				SDKROOT = iphoneos;
				SWIFT_COMPILATION_MODE = wholemodule;
				SWIFT_OPTIMIZATION_LEVEL = "-O";
				VALIDATE_PRODUCT = YES;
			};
			name = Release;
		};
		9646418924E3C5E1005D215C /* Debug */ = {
			isa = XCBuildConfiguration;
			buildSettings = {
				ASSETCATALOG_COMPILER_APPICON_NAME = AppIcon;
				CODE_SIGN_STYLE = Automatic;
				DEVELOPMENT_ASSET_PATHS = "\"coreDataTodoApp/Preview Content\"";
				ENABLE_PREVIEWS = YES;
				INFOPLIST_FILE = coreDataTodoApp/Info.plist;
				LD_RUNPATH_SEARCH_PATHS = (
					"$(inherited)",
					"@executable_path/Frameworks",
				);
				PRODUCT_BUNDLE_IDENTIFIER = com.hello.coreDataTodoApp;
				PRODUCT_NAME = "$(TARGET_NAME)";
				SWIFT_VERSION = 5.0;
				TARGETED_DEVICE_FAMILY = "1,2";
			};
			name = Debug;
		};
		9646418A24E3C5E1005D215C /* Release */ = {
			isa = XCBuildConfiguration;
			buildSettings = {
				ASSETCATALOG_COMPILER_APPICON_NAME = AppIcon;
				CODE_SIGN_STYLE = Automatic;
				DEVELOPMENT_ASSET_PATHS = "\"coreDataTodoApp/Preview Content\"";
				ENABLE_PREVIEWS = YES;
				INFOPLIST_FILE = coreDataTodoApp/Info.plist;
				LD_RUNPATH_SEARCH_PATHS = (
					"$(inherited)",
					"@executable_path/Frameworks",
				);
				PRODUCT_BUNDLE_IDENTIFIER = com.hello.coreDataTodoApp;
				PRODUCT_NAME = "$(TARGET_NAME)";
				SWIFT_VERSION = 5.0;
				TARGETED_DEVICE_FAMILY = "1,2";
			};
			name = Release;
		};
/* End XCBuildConfiguration section */

/* Begin XCConfigurationList section */
		9646416C24E3C5DF005D215C /* Build configuration list for PBXProject "coreDataTodoApp" */ = {
			isa = XCConfigurationList;
			buildConfigurations = (
				9646418624E3C5E1005D215C /* Debug */,
				9646418724E3C5E1005D215C /* Release */,
			);
			defaultConfigurationIsVisible = 0;
			defaultConfigurationName = Release;
		};
		9646418824E3C5E1005D215C /* Build configuration list for PBXNativeTarget "coreDataTodoApp" */ = {
			isa = XCConfigurationList;
			buildConfigurations = (
				9646418924E3C5E1005D215C /* Debug */,
				9646418A24E3C5E1005D215C /* Release */,
			);
			defaultConfigurationIsVisible = 0;
			defaultConfigurationName = Release;
		};
/* End XCConfigurationList section */

/* Begin XCVersionGroup section */
		9646417824E3C5DF005D215C /* coreDataTodoApp.xcdatamodeld */ = {
			isa = XCVersionGroup;
			children = (
				9646417924E3C5DF005D215C /* coreDataTodoApp.xcdatamodel */,
			);
			currentVersion = 9646417924E3C5DF005D215C /* coreDataTodoApp.xcdatamodel */;
			path = coreDataTodoApp.xcdatamodeld;
			sourceTree = "<group>";
			versionGroupType = wrapper.xcdatamodel;
		};
/* End XCVersionGroup section */
	};
	rootObject = 9646416924E3C5DF005D215C /* Project object */;
}
